// !$*UTF8*$!
{
	archiveVersion = 1;
	classes = {
	};
	objectVersion = 50;
	objects = {

/* Begin PBXBuildFile section */
		D0740BA7225AAAEF00D7B44B /* AppDelegate.swift in Sources */ = {isa = PBXBuildFile; fileRef = D0740BA6225AAAEF00D7B44B /* AppDelegate.swift */; };
		D0740BA9225AAAEF00D7B44B /* ViewController.swift in Sources */ = {isa = PBXBuildFile; fileRef = D0740BA8225AAAEF00D7B44B /* ViewController.swift */; };
		D0740BAC225AAAEF00D7B44B /* Main.storyboard in Resources */ = {isa = PBXBuildFile; fileRef = D0740BAA225AAAEF00D7B44B /* Main.storyboard */; };
		D0740BAE225AAAEF00D7B44B /* Assets.xcassets in Resources */ = {isa = PBXBuildFile; fileRef = D0740BAD225AAAEF00D7B44B /* Assets.xcassets */; };
		D0740BB1225AAAEF00D7B44B /* LaunchScreen.storyboard in Resources */ = {isa = PBXBuildFile; fileRef = D0740BAF225AAAEF00D7B44B /* LaunchScreen.storyboard */; };
		D0740BBC225AAAEF00D7B44B /* SpeedometerTests.swift in Sources */ = {isa = PBXBuildFile; fileRef = D0740BBB225AAAEF00D7B44B /* SpeedometerTests.swift */; };
		D0740BC7225AAAEF00D7B44B /* SpeedometerUITests.swift in Sources */ = {isa = PBXBuildFile; fileRef = D0740BC6225AAAEF00D7B44B /* SpeedometerUITests.swift */; };
/* End PBXBuildFile section */

/* Begin PBXContainerItemProxy section */
		D0740BB8225AAAEF00D7B44B /* PBXContainerItemProxy */ = {
			isa = PBXContainerItemProxy;
			containerPortal = D0740B9B225AAAEF00D7B44B /* Project object */;
			proxyType = 1;
			remoteGlobalIDString = D0740BA2225AAAEF00D7B44B;
			remoteInfo = Speedometer;
		};
		D0740BC3225AAAEF00D7B44B /* PBXContainerItemProxy */ = {
			isa = PBXContainerItemProxy;
			containerPortal = D0740B9B225AAAEF00D7B44B /* Project object */;
			proxyType = 1;
			remoteGlobalIDString = D0740BA2225AAAEF00D7B44B;
			remoteInfo = Speedometer;
		};
/* End PBXContainerItemProxy section */

/* Begin PBXFileReference section */
		D0740BA3225AAAEF00D7B44B /* Speedometer.app */ = {isa = PBXFileReference; explicitFileType = wrapper.application; includeInIndex = 0; path = Speedometer.app; sourceTree = BUILT_PRODUCTS_DIR; };
		D0740BA6225AAAEF00D7B44B /* AppDelegate.swift */ = {isa = PBXFileReference; lastKnownFileType = sourcecode.swift; path = AppDelegate.swift; sourceTree = "<group>"; };
		D0740BA8225AAAEF00D7B44B /* ViewController.swift */ = {isa = PBXFileReference; lastKnownFileType = sourcecode.swift; path = ViewController.swift; sourceTree = "<group>"; };
		D0740BAB225AAAEF00D7B44B /* Base */ = {isa = PBXFileReference; lastKnownFileType = file.storyboard; name = Base; path = Base.lproj/Main.storyboard; sourceTree = "<group>"; };
		D0740BAD225AAAEF00D7B44B /* Assets.xcassets */ = {isa = PBXFileReference; lastKnownFileType = folder.assetcatalog; path = Assets.xcassets; sourceTree = "<group>"; };
		D0740BB0225AAAEF00D7B44B /* Base */ = {isa = PBXFileReference; lastKnownFileType = file.storyboard; name = Base; path = Base.lproj/LaunchScreen.storyboard; sourceTree = "<group>"; };
		D0740BB2225AAAEF00D7B44B /* Info.plist */ = {isa = PBXFileReference; lastKnownFileType = text.plist.xml; path = Info.plist; sourceTree = "<group>"; };
		D0740BB7225AAAEF00D7B44B /* SpeedometerTests.xctest */ = {isa = PBXFileReference; explicitFileType = wrapper.cfbundle; includeInIndex = 0; path = SpeedometerTests.xctest; sourceTree = BUILT_PRODUCTS_DIR; };
		D0740BBB225AAAEF00D7B44B /* SpeedometerTests.swift */ = {isa = PBXFileReference; lastKnownFileType = sourcecode.swift; path = SpeedometerTests.swift; sourceTree = "<group>"; };
		D0740BBD225AAAEF00D7B44B /* Info.plist */ = {isa = PBXFileReference; lastKnownFileType = text.plist.xml; path = Info.plist; sourceTree = "<group>"; };
		D0740BC2225AAAEF00D7B44B /* SpeedometerUITests.xctest */ = {isa = PBXFileReference; explicitFileType = wrapper.cfbundle; includeInIndex = 0; path = SpeedometerUITests.xctest; sourceTree = BUILT_PRODUCTS_DIR; };
		D0740BC6225AAAEF00D7B44B /* SpeedometerUITests.swift */ = {isa = PBXFileReference; lastKnownFileType = sourcecode.swift; path = SpeedometerUITests.swift; sourceTree = "<group>"; };
		D0740BC8225AAAEF00D7B44B /* Info.plist */ = {isa = PBXFileReference; lastKnownFileType = text.plist.xml; path = Info.plist; sourceTree = "<group>"; };
/* End PBXFileReference section */

/* Begin PBXFrameworksBuildPhase section */
		D0740BA0225AAAEF00D7B44B /* Frameworks */ = {
			isa = PBXFrameworksBuildPhase;
			buildActionMask = 2147483647;
			files = (
			);
			runOnlyForDeploymentPostprocessing = 0;
		};
		D0740BB4225AAAEF00D7B44B /* Frameworks */ = {
			isa = PBXFrameworksBuildPhase;
			buildActionMask = 2147483647;
			files = (
			);
			runOnlyForDeploymentPostprocessing = 0;
		};
		D0740BBF225AAAEF00D7B44B /* Frameworks */ = {
			isa = PBXFrameworksBuildPhase;
			buildActionMask = 2147483647;
			files = (
			);
			runOnlyForDeploymentPostprocessing = 0;
		};
/* End PBXFrameworksBuildPhase section */

/* Begin PBXGroup section */
		D0740B9A225AAAEF00D7B44B = {
			isa = PBXGroup;
			children = (
				D0740BA5225AAAEF00D7B44B /* Speedometer */,
				D0740BBA225AAAEF00D7B44B /* SpeedometerTests */,
				D0740BC5225AAAEF00D7B44B /* SpeedometerUITests */,
				D0740BA4225AAAEF00D7B44B /* Products */,
			);
			sourceTree = "<group>";
		};
		D0740BA4225AAAEF00D7B44B /* Products */ = {
			isa = PBXGroup;
			children = (
				D0740BA3225AAAEF00D7B44B /* Speedometer.app */,
				D0740BB7225AAAEF00D7B44B /* SpeedometerTests.xctest */,
				D0740BC2225AAAEF00D7B44B /* SpeedometerUITests.xctest */,
			);
			name = Products;
			sourceTree = "<group>";
		};
		D0740BA5225AAAEF00D7B44B /* Speedometer */ = {
			isa = PBXGroup;
			children = (
				D0740BA6225AAAEF00D7B44B /* AppDelegate.swift */,
				D0740BA8225AAAEF00D7B44B /* ViewController.swift */,
				D0740BAA225AAAEF00D7B44B /* Main.storyboard */,
				D0740BAD225AAAEF00D7B44B /* Assets.xcassets */,
				D0740BAF225AAAEF00D7B44B /* LaunchScreen.storyboard */,
				D0740BB2225AAAEF00D7B44B /* Info.plist */,
			);
			path = Speedometer;
			sourceTree = "<group>";
		};
		D0740BBA225AAAEF00D7B44B /* SpeedometerTests */ = {
			isa = PBXGroup;
			children = (
				D0740BBB225AAAEF00D7B44B /* SpeedometerTests.swift */,
				D0740BBD225AAAEF00D7B44B /* Info.plist */,
			);
			path = SpeedometerTests;
			sourceTree = "<group>";
		};
		D0740BC5225AAAEF00D7B44B /* SpeedometerUITests */ = {
			isa = PBXGroup;
			children = (
				D0740BC6225AAAEF00D7B44B /* SpeedometerUITests.swift */,
				D0740BC8225AAAEF00D7B44B /* Info.plist */,
			);
			path = SpeedometerUITests;
			sourceTree = "<group>";
		};
/* End PBXGroup section */

/* Begin PBXNativeTarget section */
		D0740BA2225AAAEF00D7B44B /* Speedometer */ = {
			isa = PBXNativeTarget;
			buildConfigurationList = D0740BCB225AAAEF00D7B44B /* Build configuration list for PBXNativeTarget "Speedometer" */;
			buildPhases = (
				D0740B9F225AAAEF00D7B44B /* Sources */,
				D0740BA0225AAAEF00D7B44B /* Frameworks */,
				D0740BA1225AAAEF00D7B44B /* Resources */,
			);
			buildRules = (
			);
			dependencies = (
			);
			name = Speedometer;
			productName = Speedometer;
			productReference = D0740BA3225AAAEF00D7B44B /* Speedometer.app */;
			productType = "com.apple.product-type.application";
		};
		D0740BB6225AAAEF00D7B44B /* SpeedometerTests */ = {
			isa = PBXNativeTarget;
			buildConfigurationList = D0740BCE225AAAEF00D7B44B /* Build configuration list for PBXNativeTarget "SpeedometerTests" */;
			buildPhases = (
				D0740BB3225AAAEF00D7B44B /* Sources */,
				D0740BB4225AAAEF00D7B44B /* Frameworks */,
				D0740BB5225AAAEF00D7B44B /* Resources */,
			);
			buildRules = (
			);
			dependencies = (
				D0740BB9225AAAEF00D7B44B /* PBXTargetDependency */,
			);
			name = SpeedometerTests;
			productName = SpeedometerTests;
			productReference = D0740BB7225AAAEF00D7B44B /* SpeedometerTests.xctest */;
			productType = "com.apple.product-type.bundle.unit-test";
		};
		D0740BC1225AAAEF00D7B44B /* SpeedometerUITests */ = {
			isa = PBXNativeTarget;
			buildConfigurationList = D0740BD1225AAAEF00D7B44B /* Build configuration list for PBXNativeTarget "SpeedometerUITests" */;
			buildPhases = (
				D0740BBE225AAAEF00D7B44B /* Sources */,
				D0740BBF225AAAEF00D7B44B /* Frameworks */,
				D0740BC0225AAAEF00D7B44B /* Resources */,
			);
			buildRules = (
			);
			dependencies = (
				D0740BC4225AAAEF00D7B44B /* PBXTargetDependency */,
			);
			name = SpeedometerUITests;
			productName = SpeedometerUITests;
			productReference = D0740BC2225AAAEF00D7B44B /* SpeedometerUITests.xctest */;
			productType = "com.apple.product-type.bundle.ui-testing";
		};
/* End PBXNativeTarget section */

/* Begin PBXProject section */
		D0740B9B225AAAEF00D7B44B /* Project object */ = {
			isa = PBXProject;
			attributes = {
				LastSwiftUpdateCheck = 1010;
				LastUpgradeCheck = 1010;
				ORGANIZATIONNAME = "William Lundy";
				TargetAttributes = {
					D0740BA2225AAAEF00D7B44B = {
						CreatedOnToolsVersion = 10.1;
					};
					D0740BB6225AAAEF00D7B44B = {
						CreatedOnToolsVersion = 10.1;
						TestTargetID = D0740BA2225AAAEF00D7B44B;
					};
					D0740BC1225AAAEF00D7B44B = {
						CreatedOnToolsVersion = 10.1;
						TestTargetID = D0740BA2225AAAEF00D7B44B;
					};
				};
			};
			buildConfigurationList = D0740B9E225AAAEF00D7B44B /* Build configuration list for PBXProject "Speedometer" */;
			compatibilityVersion = "Xcode 9.3";
			developmentRegion = en;
			hasScannedForEncodings = 0;
			knownRegions = (
				en,
				Base,
			);
			mainGroup = D0740B9A225AAAEF00D7B44B;
			productRefGroup = D0740BA4225AAAEF00D7B44B /* Products */;
			projectDirPath = "";
			projectRoot = "";
			targets = (
				D0740BA2225AAAEF00D7B44B /* Speedometer */,
				D0740BB6225AAAEF00D7B44B /* SpeedometerTests */,
				D0740BC1225AAAEF00D7B44B /* SpeedometerUITests */,
			);
		};
/* End PBXProject section */

/* Begin PBXResourcesBuildPhase section */
		D0740BA1225AAAEF00D7B44B /* Resources */ = {
			isa = PBXResourcesBuildPhase;
			buildActionMask = 2147483647;
			files = (
				D0740BB1225AAAEF00D7B44B /* LaunchScreen.storyboard in Resources */,
				D0740BAE225AAAEF00D7B44B /* Assets.xcassets in Resources */,
				D0740BAC225AAAEF00D7B44B /* Main.storyboard in Resources */,
			);
			runOnlyForDeploymentPostprocessing = 0;
		};
		D0740BB5225AAAEF00D7B44B /* Resources */ = {
			isa = PBXResourcesBuildPhase;
			buildActionMask = 2147483647;
			files = (
			);
			runOnlyForDeploymentPostprocessing = 0;
		};
		D0740BC0225AAAEF00D7B44B /* Resources */ = {
			isa = PBXResourcesBuildPhase;
			buildActionMask = 2147483647;
			files = (
			);
			runOnlyForDeploymentPostprocessing = 0;
		};
/* End PBXResourcesBuildPhase section */

/* Begin PBXSourcesBuildPhase section */
		D0740B9F225AAAEF00D7B44B /* Sources */ = {
			isa = PBXSourcesBuildPhase;
			buildActionMask = 2147483647;
			files = (
				D0740BA9225AAAEF00D7B44B /* ViewController.swift in Sources */,
				D0740BA7225AAAEF00D7B44B /* AppDelegate.swift in Sources */,
			);
			runOnlyForDeploymentPostprocessing = 0;
		};
		D0740BB3225AAAEF00D7B44B /* Sources */ = {
			isa = PBXSourcesBuildPhase;
			buildActionMask = 2147483647;
			files = (
				D0740BBC225AAAEF00D7B44B /* SpeedometerTests.swift in Sources */,
			);
			runOnlyForDeploymentPostprocessing = 0;
		};
		D0740BBE225AAAEF00D7B44B /* Sources */ = {
			isa = PBXSourcesBuildPhase;
			buildActionMask = 2147483647;
			files = (
				D0740BC7225AAAEF00D7B44B /* SpeedometerUITests.swift in Sources */,
			);
			runOnlyForDeploymentPostprocessing = 0;
		};
/* End PBXSourcesBuildPhase section */

/* Begin PBXTargetDependency section */
		D0740BB9225AAAEF00D7B44B /* PBXTargetDependency */ = {
			isa = PBXTargetDependency;
			target = D0740BA2225AAAEF00D7B44B /* Speedometer */;
			targetProxy = D0740BB8225AAAEF00D7B44B /* PBXContainerItemProxy */;
		};
		D0740BC4225AAAEF00D7B44B /* PBXTargetDependency */ = {
			isa = PBXTargetDependency;
			target = D0740BA2225AAAEF00D7B44B /* Speedometer */;
			targetProxy = D0740BC3225AAAEF00D7B44B /* PBXContainerItemProxy */;
		};
/* End PBXTargetDependency section */

/* Begin PBXVariantGroup section */
		D0740BAA225AAAEF00D7B44B /* Main.storyboard */ = {
			isa = PBXVariantGroup;
			children = (
				D0740BAB225AAAEF00D7B44B /* Base */,
			);
			name = Main.storyboard;
			sourceTree = "<group>";
		};
		D0740BAF225AAAEF00D7B44B /* LaunchScreen.storyboard */ = {
			isa = PBXVariantGroup;
			children = (
				D0740BB0225AAAEF00D7B44B /* Base */,
			);
			name = LaunchScreen.storyboard;
			sourceTree = "<group>";
		};
/* End PBXVariantGroup section */

/* Begin XCBuildConfiguration section */
		D0740BC9225AAAEF00D7B44B /* Debug */ = {
			isa = XCBuildConfiguration;
			buildSettings = {
				ALWAYS_SEARCH_USER_PATHS = NO;
				CLANG_ANALYZER_NONNULL = YES;
				CLANG_ANALYZER_NUMBER_OBJECT_CONVERSION = YES_AGGRESSIVE;
				CLANG_CXX_LANGUAGE_STANDARD = "gnu++14";
				CLANG_CXX_LIBRARY = "libc++";
				CLANG_ENABLE_MODULES = YES;
				CLANG_ENABLE_OBJC_ARC = YES;
				CLANG_ENABLE_OBJC_WEAK = YES;
				CLANG_WARN_BLOCK_CAPTURE_AUTORELEASING = YES;
				CLANG_WARN_BOOL_CONVERSION = YES;
				CLANG_WARN_COMMA = YES;
				CLANG_WARN_CONSTANT_CONVERSION = YES;
				CLANG_WARN_DEPRECATED_OBJC_IMPLEMENTATIONS = YES;
				CLANG_WARN_DIRECT_OBJC_ISA_USAGE = YES_ERROR;
				CLANG_WARN_DOCUMENTATION_COMMENTS = YES;
				CLANG_WARN_EMPTY_BODY = YES;
				CLANG_WARN_ENUM_CONVERSION = YES;
				CLANG_WARN_INFINITE_RECURSION = YES;
				CLANG_WARN_INT_CONVERSION = YES;
				CLANG_WARN_NON_LITERAL_NULL_CONVERSION = YES;
				CLANG_WARN_OBJC_IMPLICIT_RETAIN_SELF = YES;
				CLANG_WARN_OBJC_LITERAL_CONVERSION = YES;
				CLANG_WARN_OBJC_ROOT_CLASS = YES_ERROR;
				CLANG_WARN_RANGE_LOOP_ANALYSIS = YES;
				CLANG_WARN_STRICT_PROTOTYPES = YES;
				CLANG_WARN_SUSPICIOUS_MOVE = YES;
				CLANG_WARN_UNGUARDED_AVAILABILITY = YES_AGGRESSIVE;
				CLANG_WARN_UNREACHABLE_CODE = YES;
				CLANG_WARN__DUPLICATE_METHOD_MATCH = YES;
				CODE_SIGN_IDENTITY = "iPhone Developer";
				COPY_PHASE_STRIP = NO;
				DEBUG_INFORMATION_FORMAT = dwarf;
				ENABLE_STRICT_OBJC_MSGSEND = YES;
				ENABLE_TESTABILITY = YES;
				GCC_C_LANGUAGE_STANDARD = gnu11;
				GCC_DYNAMIC_NO_PIC = NO;
				GCC_NO_COMMON_BLOCKS = YES;
				GCC_OPTIMIZATION_LEVEL = 0;
				GCC_PREPROCESSOR_DEFINITIONS = (
					"DEBUG=1",
					"$(inherited)",
				);
				GCC_WARN_64_TO_32_BIT_CONVERSION = YES;
				GCC_WARN_ABOUT_RETURN_TYPE = YES_ERROR;
				GCC_WARN_UNDECLARED_SELECTOR = YES;
				GCC_WARN_UNINITIALIZED_AUTOS = YES_AGGRESSIVE;
				GCC_WARN_UNUSED_FUNCTION = YES;
				GCC_WARN_UNUSED_VARIABLE = YES;
				IPHONEOS_DEPLOYMENT_TARGET = 12.1;
				MTL_ENABLE_DEBUG_INFO = INCLUDE_SOURCE;
				MTL_FAST_MATH = YES;
				ONLY_ACTIVE_ARCH = YES;
				SDKROOT = iphoneos;
				SWIFT_ACTIVE_COMPILATION_CONDITIONS = DEBUG;
				SWIFT_OPTIMIZATION_LEVEL = "-Onone";
			};
			name = Debug;
		};
		D0740BCA225AAAEF00D7B44B /* Release */ = {
			isa = XCBuildConfiguration;
			buildSettings = {
				ALWAYS_SEARCH_USER_PATHS = NO;
				CLANG_ANALYZER_NONNULL = YES;
				CLANG_ANALYZER_NUMBER_OBJECT_CONVERSION = YES_AGGRESSIVE;
				CLANG_CXX_LANGUAGE_STANDARD = "gnu++14";
				CLANG_CXX_LIBRARY = "libc++";
				CLANG_ENABLE_MODULES = YES;
				CLANG_ENABLE_OBJC_ARC = YES;
				CLANG_ENABLE_OBJC_WEAK = YES;
				CLANG_WARN_BLOCK_CAPTURE_AUTORELEASING = YES;
				CLANG_WARN_BOOL_CONVERSION = YES;
				CLANG_WARN_COMMA = YES;
				CLANG_WARN_CONSTANT_CONVERSION = YES;
				CLANG_WARN_DEPRECATED_OBJC_IMPLEMENTATIONS = YES;
				CLANG_WARN_DIRECT_OBJC_ISA_USAGE = YES_ERROR;
				CLANG_WARN_DOCUMENTATION_COMMENTS = YES;
				CLANG_WARN_EMPTY_BODY = YES;
				CLANG_WARN_ENUM_CONVERSION = YES;
				CLANG_WARN_INFINITE_RECURSION = YES;
				CLANG_WARN_INT_CONVERSION = YES;
				CLANG_WARN_NON_LITERAL_NULL_CONVERSION = YES;
				CLANG_WARN_OBJC_IMPLICIT_RETAIN_SELF = YES;
				CLANG_WARN_OBJC_LITERAL_CONVERSION = YES;
				CLANG_WARN_OBJC_ROOT_CLASS = YES_ERROR;
				CLANG_WARN_RANGE_LOOP_ANALYSIS = YES;
				CLANG_WARN_STRICT_PROTOTYPES = YES;
				CLANG_WARN_SUSPICIOUS_MOVE = YES;
				CLANG_WARN_UNGUARDED_AVAILABILITY = YES_AGGRESSIVE;
				CLANG_WARN_UNREACHABLE_CODE = YES;
				CLANG_WARN__DUPLICATE_METHOD_MATCH = YES;
				CODE_SIGN_IDENTITY = "iPhone Developer";
				COPY_PHASE_STRIP = NO;
				DEBUG_INFORMATION_FORMAT = "dwarf-with-dsym";
				ENABLE_NS_ASSERTIONS = NO;
				ENABLE_STRICT_OBJC_MSGSEND = YES;
				GCC_C_LANGUAGE_STANDARD = gnu11;
				GCC_NO_COMMON_BLOCKS = YES;
				GCC_WARN_64_TO_32_BIT_CONVERSION = YES;
				GCC_WARN_ABOUT_RETURN_TYPE = YES_ERROR;
				GCC_WARN_UNDECLARED_SELECTOR = YES;
				GCC_WARN_UNINITIALIZED_AUTOS = YES_AGGRESSIVE;
				GCC_WARN_UNUSED_FUNCTION = YES;
				GCC_WARN_UNUSED_VARIABLE = YES;
				IPHONEOS_DEPLOYMENT_TARGET = 12.1;
				MTL_ENABLE_DEBUG_INFO = NO;
				MTL_FAST_MATH = YES;
				SDKROOT = iphoneos;
				SWIFT_COMPILATION_MODE = wholemodule;
				SWIFT_OPTIMIZATION_LEVEL = "-O";
				VALIDATE_PRODUCT = YES;
			};
			name = Release;
		};
		D0740BCC225AAAEF00D7B44B /* Debug */ = {
			isa = XCBuildConfiguration;
			buildSettings = {
				ASSETCATALOG_COMPILER_APPICON_NAME = AppIcon;
				CODE_SIGN_STYLE = Automatic;
				INFOPLIST_FILE = Speedometer/Info.plist;
				LD_RUNPATH_SEARCH_PATHS = (
					"$(inherited)",
					"@executable_path/Frameworks",
				);
				PRODUCT_BUNDLE_IDENTIFIER = PopOut.Speedometer;
				PRODUCT_NAME = "$(TARGET_NAME)";
				SWIFT_VERSION = 4.2;
				TARGETED_DEVICE_FAMILY = "1,2";
			};
			name = Debug;
		};
		D0740BCD225AAAEF00D7B44B /* Release */ = {
			isa = XCBuildConfiguration;
			buildSettings = {
				ASSETCATALOG_COMPILER_APPICON_NAME = AppIcon;
				CODE_SIGN_STYLE = Automatic;
				INFOPLIST_FILE = Speedometer/Info.plist;
				LD_RUNPATH_SEARCH_PATHS = (
					"$(inherited)",
					"@executable_path/Frameworks",
				);
				PRODUCT_BUNDLE_IDENTIFIER = PopOut.Speedometer;
				PRODUCT_NAME = "$(TARGET_NAME)";
				SWIFT_VERSION = 4.2;
				TARGETED_DEVICE_FAMILY = "1,2";
			};
			name = Release;
		};
		D0740BCF225AAAEF00D7B44B /* Debug */ = {
			isa = XCBuildConfiguration;
			buildSettings = {
				ALWAYS_EMBED_SWIFT_STANDARD_LIBRARIES = YES;
				BUNDLE_LOADER = "$(TEST_HOST)";
				CODE_SIGN_STYLE = Automatic;
				INFOPLIST_FILE = SpeedometerTests/Info.plist;
				LD_RUNPATH_SEARCH_PATHS = (
					"$(inherited)",
					"@executable_path/Frameworks",
					"@loader_path/Frameworks",
				);
				PRODUCT_BUNDLE_IDENTIFIER = PopOut.SpeedometerTests;
				PRODUCT_NAME = "$(TARGET_NAME)";
				SWIFT_VERSION = 4.2;
				TARGETED_DEVICE_FAMILY = "1,2";
				TEST_HOST = "$(BUILT_PRODUCTS_DIR)/Speedometer.app/Speedometer";
			};
			name = Debug;
		};
		D0740BD0225AAAEF00D7B44B /* Release */ = {
			isa = XCBuildConfiguration;
			buildSettings = {
				ALWAYS_EMBED_SWIFT_STANDARD_LIBRARIES = YES;
				BUNDLE_LOADER = "$(TEST_HOST)";
				CODE_SIGN_STYLE = Automatic;
				INFOPLIST_FILE = SpeedometerTests/Info.plist;
				LD_RUNPATH_SEARCH_PATHS = (
					"$(inherited)",
					"@executable_path/Frameworks",
					"@loader_path/Frameworks",
				);
				PRODUCT_BUNDLE_IDENTIFIER = PopOut.SpeedometerTests;
				PRODUCT_NAME = "$(TARGET_NAME)";
				SWIFT_VERSION = 4.2;
				TARGETED_DEVICE_FAMILY = "1,2";
				TEST_HOST = "$(BUILT_PRODUCTS_DIR)/Speedometer.app/Speedometer";
			};
			name = Release;
		};
		D0740BD2225AAAEF00D7B44B /* Debug */ = {
			isa = XCBuildConfiguration;
			buildSettings = {
				ALWAYS_EMBED_SWIFT_STANDARD_LIBRARIES = YES;
				CODE_SIGN_STYLE = Automatic;
				INFOPLIST_FILE = SpeedometerUITests/Info.plist;
				LD_RUNPATH_SEARCH_PATHS = (
					"$(inherited)",
					"@executable_path/Frameworks",
					"@loader_path/Frameworks",
				);
				PRODUCT_BUNDLE_IDENTIFIER = PopOut.SpeedometerUITests;
				PRODUCT_NAME = "$(TARGET_NAME)";
				SWIFT_VERSION = 4.2;
				TARGETED_DEVICE_FAMILY = "1,2";
				TEST_TARGET_NAME = Speedometer;
			};
			name = Debug;
		};
		D0740BD3225AAAEF00D7B44B /* Release */ = {
			isa = XCBuildConfiguration;
			buildSettings = {
				ALWAYS_EMBED_SWIFT_STANDARD_LIBRARIES = YES;
				CODE_SIGN_STYLE = Automatic;
				INFOPLIST_FILE = SpeedometerUITests/Info.plist;
				LD_RUNPATH_SEARCH_PATHS = (
					"$(inherited)",
					"@executable_path/Frameworks",
					"@loader_path/Frameworks",
				);
				PRODUCT_BUNDLE_IDENTIFIER = PopOut.SpeedometerUITests;
				PRODUCT_NAME = "$(TARGET_NAME)";
				SWIFT_VERSION = 4.2;
				TARGETED_DEVICE_FAMILY = "1,2";
				TEST_TARGET_NAME = Speedometer;
			};
			name = Release;
		};
/* End XCBuildConfiguration section */

/* Begin XCConfigurationList section */
		D0740B9E225AAAEF00D7B44B /* Build configuration list for PBXProject "Speedometer" */ = {
			isa = XCConfigurationList;
			buildConfigurations = (
				D0740BC9225AAAEF00D7B44B /* Debug */,
				D0740BCA225AAAEF00D7B44B /* Release */,
			);
			defaultConfigurationIsVisible = 0;
			defaultConfigurationName = Release;
		};
		D0740BCB225AAAEF00D7B44B /* Build configuration list for PBXNativeTarget "Speedometer" */ = {
			isa = XCConfigurationList;
			buildConfigurations = (
				D0740BCC225AAAEF00D7B44B /* Debug */,
				D0740BCD225AAAEF00D7B44B /* Release */,
			);
			defaultConfigurationIsVisible = 0;
			defaultConfigurationName = Release;
		};
		D0740BCE225AAAEF00D7B44B /* Build configuration list for PBXNativeTarget "SpeedometerTests" */ = {
			isa = XCConfigurationList;
			buildConfigurations = (
				D0740BCF225AAAEF00D7B44B /* Debug */,
				D0740BD0225AAAEF00D7B44B /* Release */,
			);
			defaultConfigurationIsVisible = 0;
			defaultConfigurationName = Release;
		};
		D0740BD1225AAAEF00D7B44B /* Build configuration list for PBXNativeTarget "SpeedometerUITests" */ = {
			isa = XCConfigurationList;
			buildConfigurations = (
				D0740BD2225AAAEF00D7B44B /* Debug */,
				D0740BD3225AAAEF00D7B44B /* Release */,
			);
			defaultConfigurationIsVisible = 0;
			defaultConfigurationName = Release;
		};
/* End XCConfigurationList section */
	};
	rootObject = D0740B9B225AAAEF00D7B44B /* Project object */;
}
